
Microsoft Visual Studio Solution File, Format Version 12.00
# Visual Studio Version 16
VisualStudioVersion = 16.0.30320.27
MinimumVisualStudioVersion = 10.0.40219.1
Project("{9A19103F-16F7-4668-BE54-9A1E7A4F7556}") = "projectclass", "projectclass\projectclass.csproj", "{83472199-1155-42F5-8A8E-AFCD6A2DD318}"
EndProject
Project("{FAE04EC0-301F-11D3-BF4B-00C04F79EFBC}") = "JavaByteReader", "JavaByteReader\JavaByteReader.csproj", "{92B65CB5-DD9D-4A3D-A02E-C828120ED53B}"
EndProject
Global
	GlobalSection(SolutionConfigurationPlatforms) = preSolution
		Debug|Any CPU = Debug|Any CPU
		Release|Any CPU = Release|Any CPU
	EndGlobalSection
	GlobalSection(ProjectConfigurationPlatforms) = postSolution
		{83472199-1155-42F5-8A8E-AFCD6A2DD318}.Debug|Any CPU.ActiveCfg = Debug|Any CPU
		{83472199-1155-42F5-8A8E-AFCD6A2DD318}.Debug|Any CPU.Build.0 = Debug|Any CPU
		{83472199-1155-42F5-8A8E-AFCD6A2DD318}.Release|Any CPU.ActiveCfg = Release|Any CPU
		{83472199-1155-42F5-8A8E-AFCD6A2DD318}.Release|Any CPU.Build.0 = Release|Any CPU
		{92B65CB5-DD9D-4A3D-A02E-C828120ED53B}.Debug|Any CPU.ActiveCfg = Debug|Any CPU
		{92B65CB5-DD9D-4A3D-A02E-C828120ED53B}.Debug|Any CPU.Build.0 = Debug|Any CPU
		{92B65CB5-DD9D-4A3D-A02E-C828120ED53B}.Release|Any CPU.ActiveCfg = Release|Any CPU
		{92B65CB5-DD9D-4A3D-A02E-C828120ED53B}.Release|Any CPU.Build.0 = Release|Any CPU
	EndGlobalSection
	GlobalSection(SolutionProperties) = preSolution
		HideSolutionNode = FALSE
	EndGlobalSection
	GlobalSection(ExtensibilityGlobals) = postSolution
		SolutionGuid = {CDE3BA2E-7EFC-4922-BC6B-5F46F06357C6}
	EndGlobalSection
EndGlobal
